
Microsoft Visual Studio Solution File, Format Version 12.00
# Visual Studio Version 17
VisualStudioVersion = 17.7.34024.191
MinimumVisualStudioVersion = 10.0.40219.1
Project("{FAE04EC0-301F-11D3-BF4B-00C04F79EFBC}") = "WinForms Management Shop", "WinForms Management Shop.csproj", "{CAFA90CE-73FF-407D-8A3D-F64A1E66DB74}"
EndProject
Global
	GlobalSection(SolutionConfigurationPlatforms) = preSolution
		Debug|Any CPU = Debug|Any CPU
		Release|Any CPU = Release|Any CPU
	EndGlobalSection
	GlobalSection(ProjectConfigurationPlatforms) = postSolution
		{CAFA90CE-73FF-407D-8A3D-F64A1E66DB74}.Debug|Any CPU.ActiveCfg = Debug|Any CPU
		{CAFA90CE-73FF-407D-8A3D-F64A1E66DB74}.Debug|Any CPU.Build.0 = Debug|Any CPU
		{CAFA90CE-73FF-407D-8A3D-F64A1E66DB74}.Release|Any CPU.ActiveCfg = Release|Any CPU
		{CAFA90CE-73FF-407D-8A3D-F64A1E66DB74}.Release|Any CPU.Build.0 = Release|Any CPU
	EndGlobalSection
	GlobalSection(SolutionProperties) = preSolution
		HideSolutionNode = FALSE
	EndGlobalSection
	GlobalSection(ExtensibilityGlobals) = postSolution
		SolutionGuid = {504026FA-1F57-4655-8D05-F962A300A67C}
	EndGlobalSection
EndGlobal
